
Microsoft Visual Studio Solution File, Format Version 12.00
# Visual Studio Version 16
VisualStudioVersion = 16.0.28803.202
MinimumVisualStudioVersion = 10.0.40219.1
Project("{FAE04EC0-301F-11D3-BF4B-00C04F79EFBC}") = "CannonShooter", "CannonShooter\CannonShooter.csproj", "{516607CA-2829-41E9-BFE1-5E18CCA82967}"
EndProject
Global
	GlobalSection(SolutionConfigurationPlatforms) = preSolution
		Debug|Any CPU = Debug|Any CPU
		Release|Any CPU = Release|Any CPU
	EndGlobalSection
	GlobalSection(ProjectConfigurationPlatforms) = postSolution
		{516607CA-2829-41E9-BFE1-5E18CCA82967}.Debug|Any CPU.ActiveCfg = Debug|Any CPU
		{516607CA-2829-41E9-BFE1-5E18CCA82967}.Debug|Any CPU.Build.0 = Debug|Any CPU
		{516607CA-2829-41E9-BFE1-5E18CCA82967}.Release|Any CPU.ActiveCfg = Release|Any CPU
		{516607CA-2829-41E9-BFE1-5E18CCA82967}.Release|Any CPU.Build.0 = Release|Any CPU
	EndGlobalSection
	GlobalSection(SolutionProperties) = preSolution
		HideSolutionNode = FALSE
	EndGlobalSection
	GlobalSection(ExtensibilityGlobals) = postSolution
		SolutionGuid = {6DA3F6E1-2A30-489C-8CFD-308D2AB6822F}
	EndGlobalSection
EndGlobal
